{
    "_readme": [
        "This file locks the dependencies of your project to a known state",
        "Read more about it at https://getcomposer.org/doc/01-basic-usage.md#installing-dependencies",
        "This file is @generated automatically"
    ],
    "content-hash": "d8a4a8f530c1b96ed26629322265b9da",
    "packages": [
        {
            "name": "laminas/laminas-httphandlerrunner",
            "version": "2.13.0",
            "source": {
                "type": "git",
                "url": "https://github.com/laminas/laminas-httphandlerrunner.git",
                "reference": "181eaeeb838ad3d80fbbcfb0657a46bc212bbd4e"
            },
            "dist": {
                "type": "zip",
                "url": "https://api.github.com/repos/laminas/laminas-httphandlerrunner/zipball/181eaeeb838ad3d80fbbcfb0657a46bc212bbd4e",
                "reference": "181eaeeb838ad3d80fbbcfb0657a46bc212bbd4e",
                "shasum": ""
            },
            "require": {
                "php": "~8.1.0 || ~8.2.0 || ~8.3.0 || ~8.4.0 || ~8.5.0",
                "psr/http-message": "^1.0 || ^2.0",
                "psr/http-message-implementation": "^1.0 || ^2.0",
                "psr/http-server-handler": "^1.0"
            },
            "require-dev": {
                "laminas/laminas-coding-standard": "~3.1.0",
                "laminas/laminas-diactoros": "^3.6.0",
                "phpunit/phpunit": "^10.5.46",
                "psalm/plugin-phpunit": "^0.19.5",
                "vimeo/psalm": "^6.10.3"
            },
            "type": "library",
            "extra": {
                "laminas": {
                    "config-provider": "Laminas\\HttpHandlerRunner\\ConfigProvider"
                }
            },
            "autoload": {
                "psr-4": {
                    "Laminas\\HttpHandlerRunner\\": "src/"
                }
            },
            "notification-url": "https://packagist.org/downloads/",
            "license": [
                "BSD-3-Clause"
            ],
            "description": "Execute PSR-15 RequestHandlerInterface instances and emit responses they generate.",
            "homepage": "https://laminas.dev",
            "keywords": [
                "components",
                "laminas",
                "mezzio",
                "psr-15",
                "psr-7"
            ],
            "support": {
                "chat": "https://laminas.dev/chat",
                "docs": "https://docs.laminas.dev/laminas-httphandlerrunner/",
                "forum": "https://discourse.laminas.dev",
                "issues": "https://github.com/laminas/laminas-httphandlerrunner/issues",
                "rss": "https://github.com/laminas/laminas-httphandlerrunner/releases.atom",
                "source": "https://github.com/laminas/laminas-httphandlerrunner"
            },
            "funding": [
                {
                    "url": "https://funding.communitybridge.org/projects/laminas-project",
                    "type": "community_bridge"
                }
            ],
            "time": "2025-10-12T20:58:29+00:00"
        },
        {
            "name": "monolog/monolog",
            "version": "3.10.0",
            "source": {
                "type": "git",
                "url": "https://github.com/Seldaek/monolog.git",
                "reference": "b321dd6749f0bf7189444158a3ce785cc16d69b0"
            },
            "dist": {
                "type": "zip",
                "url": "https://api.github.com/repos/Seldaek/monolog/zipball/b321dd6749f0bf7189444158a3ce785cc16d69b0",
                "reference": "b321dd6749f0bf7189444158a3ce785cc16d69b0",
                "shasum": ""
            },
            "require": {
                "php": ">=8.1",
                "psr/log": "^2.0 || ^3.0"
            },
            "provide": {
                "psr/log-implementation": "3.0.0"
            },
            "require-dev": {
                "aws/aws-sdk-php": "^3.0",
                "doctrine/couchdb": "~1.0@dev",
                "elasticsearch/elasticsearch": "^7 || ^8",
                "ext-json": "*",
                "graylog2/gelf-php": "^1.4.2 || ^2.0",
                "guzzlehttp/guzzle": "^7.4.5",
                "guzzlehttp/psr7": "^2.2",
                "mongodb/mongodb": "^1.8 || ^2.0",
                "php-amqplib/php-amqplib": "~2.4 || ^3",
                "php-console/php-console": "^3.1.8",
                "phpstan/phpstan": "^2",
                "phpstan/phpstan-deprecation-rules": "^2",
                "phpstan/phpstan-strict-rules": "^2",
                "phpunit/phpunit": "^10.5.17 || ^11.0.7",
                "predis/predis": "^1.1 || ^2",
                "rollbar/rollbar": "^4.0",
                "ruflin/elastica": "^7 || ^8",
                "symfony/mailer": "^5.4 || ^6",
                "symfony/mime": "^5.4 || ^6"
            },
            "suggest": {
                "aws/aws-sdk-php": "Allow sending log messages to AWS services like DynamoDB",
                "doctrine/couchdb": "Allow sending log messages to a CouchDB server",
                "elasticsearch/elasticsearch": "Allow sending log messages to an Elasticsearch server via official client",
                "ext-amqp": "Allow sending log messages to an AMQP server (1.0+ required)",
                "ext-curl": "Required to send log messages using the IFTTTHandler, the LogglyHandler, the SendGridHandler, the SlackWebhookHandler or the TelegramBotHandler",
                "ext-mbstring": "Allow to work properly with unicode symbols",
                "ext-mongodb": "Allow sending log messages to a MongoDB server (via driver)",
                "ext-openssl": "Required to send log messages using SSL",
                "ext-sockets": "Allow sending log messages to a Syslog server (via UDP driver)",
                "graylog2/gelf-php": "Allow sending log messages to a GrayLog2 server",
                "mongodb/mongodb": "Allow sending log messages to a MongoDB server (via library)",
                "php-amqplib/php-amqplib": "Allow sending log messages to an AMQP server using php-amqplib",
                "rollbar/rollbar": "Allow sending log messages to Rollbar",
                "ruflin/elastica": "Allow sending log messages to an Elastic Search server"
            },
            "type": "library",
            "extra": {
                "branch-alias": {
                    "dev-main": "3.x-dev"
                }
            },
            "autoload": {
                "psr-4": {
                    "Monolog\\": "src/Monolog"
                }
            },
            "notification-url": "https://packagist.org/downloads/",
            "license": [
                "MIT"
            ],
            "authors": [
                {
                    "name": "Jordi Boggiano",
                    "email": "j.boggiano@seld.be",
                    "homepage": "https://seld.be"
                }
            ],
            "description": "Sends your logs to files, sockets, inboxes, databases and various web services",
            "homepage": "https://github.com/Seldaek/monolog",
            "keywords": [
                "log",
                "logging",
                "psr-3"
            ],
            "support": {
                "issues": "https://github.com/Seldaek/monolog/issues",
                "source": "https://github.com/Seldaek/monolog/tree/3.10.0"
            },
            "funding": [
                {
                    "url": "https://github.com/Seldaek",
                    "type": "github"
                },
                {
                    "url": "https://tidelift.com/funding/github/packagist/monolog/monolog",
                    "type": "tidelift"
                }
            ],
            "time": "2026-01-02T08:56:05+00:00"
        },
        {
            "name": "nyholm/psr7",
            "version": "1.8.2",
            "source": {
                "type": "git",
                "url": "https://github.com/Nyholm/psr7.git",
                "reference": "a71f2b11690f4b24d099d6b16690a90ae14fc6f3"
            },
            "dist": {
                "type": "zip",
                "url": "https://api.github.com/repos/Nyholm/psr7/zipball/a71f2b11690f4b24d099d6b16690a90ae14fc6f3",
                "reference": "a71f2b11690f4b24d099d6b16690a90ae14fc6f3",
                "shasum": ""
            },
            "require": {
                "php": ">=7.2",
                "psr/http-factory": "^1.0",
                "psr/http-message": "^1.1 || ^2.0"
            },
            "provide": {
                "php-http/message-factory-implementation": "1.0",
                "psr/http-factory-implementation": "1.0",
                "psr/http-message-implementation": "1.0"
            },
            "require-dev": {
                "http-interop/http-factory-tests": "^0.9",
                "php-http/message-factory": "^1.0",
                "php-http/psr7-integration-tests": "^1.0",
                "phpunit/phpunit": "^7.5 || ^8.5 || ^9.4",
                "symfony/error-handler": "^4.4"
            },
            "type": "library",
            "extra": {
                "branch-alias": {
                    "dev-master": "1.8-dev"
                }
            },
            "autoload": {
                "psr-4": {
                    "Nyholm\\Psr7\\": "src/"
                }
            },
            "notification-url": "https://packagist.org/downloads/",
            "license": [
                "MIT"
            ],
            "authors": [
                {
                    "name": "Tobias Nyholm",
                    "email": "tobias.nyholm@gmail.com"
                },
                {
                    "name": "Martijn van der Ven",
                    "email": "martijn@vanderven.se"
                }
            ],
            "description": "A fast PHP7 implementation of PSR-7",
            "homepage": "https://tnyholm.se",
            "keywords": [
                "psr-17",
                "psr-7"
            ],
            "support": {
                "issues": "https://github.com/Nyholm/psr7/issues",
                "source": "https://github.com/Nyholm/psr7/tree/1.8.2"
            },
            "funding": [
                {
                    "url": "https://github.com/Zegnat",
                    "type": "github"
                },
                {
                    "url": "https://github.com/nyholm",
                    "type": "github"
                }
            ],
            "time": "2024-09-09T07:06:30+00:00"
        },
        {
            "name": "nyholm/psr7-server",
            "version": "1.1.0",
            "source": {
                "type": "git",
                "url": "https://github.com/Nyholm/psr7-server.git",
                "reference": "4335801d851f554ca43fa6e7d2602141538854dc"
            },
            "dist": {
                "type": "zip",
                "url": "https://api.github.com/repos/Nyholm/psr7-server/zipball/4335801d851f554ca43fa6e7d2602141538854dc",
                "reference": "4335801d851f554ca43fa6e7d2602141538854dc",
                "shasum": ""
            },
            "require": {
                "php": "^7.1 || ^8.0",
                "psr/http-factory": "^1.0",
                "psr/http-message": "^1.0 || ^2.0"
            },
            "require-dev": {
                "nyholm/nsa": "^1.1",
                "nyholm/psr7": "^1.3",
                "phpunit/phpunit": "^7.0 || ^8.5 || ^9.3"
            },
            "type": "library",
            "autoload": {
                "psr-4": {
                    "Nyholm\\Psr7Server\\": "src/"
                }
            },
            "notification-url": "https://packagist.org/downloads/",
            "license": [
                "MIT"
            ],
            "authors": [
                {
                    "name": "Tobias Nyholm",
                    "email": "tobias.nyholm@gmail.com"
                },
                {
                    "name": "Martijn van der Ven",
                    "email": "martijn@vanderven.se"
                }
            ],
            "description": "Helper classes to handle PSR-7 server requests",
            "homepage": "http://tnyholm.se",
            "keywords": [
                "psr-17",
                "psr-7"
            ],
            "support": {
                "issues": "https://github.com/Nyholm/psr7-server/issues",
                "source": "https://github.com/Nyholm/psr7-server/tree/1.1.0"
            },
            "funding": [
                {
                    "url": "https://github.com/Zegnat",
                    "type": "github"
                },
                {
                    "url": "https://github.com/nyholm",
                    "type": "github"
                }
            ],
            "time": "2023-11-08T09:30:43+00:00"
        },
        {
            "name": "psr/http-factory",
            "version": "1.1.0",
            "source": {
                "type": "git",
                "url": "https://github.com/php-fig/http-factory.git",
                "reference": "2b4765fddfe3b508ac62f829e852b1501d3f6e8a"
            },
            "dist": {
                "type": "zip",
                "url": "https://api.github.com/repos/php-fig/http-factory/zipball/2b4765fddfe3b508ac62f829e852b1501d3f6e8a",
                "reference": "2b4765fddfe3b508ac62f829e852b1501d3f6e8a",
                "shasum": ""
            },
            "require": {
                "php": ">=7.1",
                "psr/http-message": "^1.0 || ^2.0"
            },
            "type": "library",
            "extra": {
                "branch-alias": {
                    "dev-master": "1.0.x-dev"
                }
            },
            "autoload": {
                "psr-4": {
                    "Psr\\Http\\Message\\": "src/"
                }
            },
            "notification-url": "https://packagist.org/downloads/",
            "license": [
                "MIT"
            ],
            "authors": [
                {
                    "name": "PHP-FIG",
                    "homepage": "https://www.php-fig.org/"
                }
            ],
            "description": "PSR-17: Common interfaces for PSR-7 HTTP message factories",
            "keywords": [
                "factory",
                "http",
                "message",
                "psr",
                "psr-17",
                "psr-7",
                "request",
                "response"
            ],
            "support": {
                "source": "https://github.com/php-fig/http-factory"
            },
            "time": "2024-04-15T12:06:14+00:00"
        },
        {
            "name": "psr/http-message",
            "version": "2.0",
            "source": {
                "type": "git",
                "url": "https://github.com/php-fig/http-message.git",
                "reference": "402d35bcb92c70c026d1a6a9883f06b2ead23d71"
            },
            "dist": {
                "type": "zip",
                "url": "https://api.github.com/repos/php-fig/http-message/zipball/402d35bcb92c70c026d1a6a9883f06b2ead23d71",
                "reference": "402d35bcb92c70c026d1a6a9883f06b2ead23d71",
                "shasum": ""
            },
            "require": {
                "php": "^7.2 || ^8.0"
            },
            "type": "library",
            "extra": {
                "branch-alias": {
                    "dev-master": "2.0.x-dev"
                }
            },
            "autoload": {
                "psr-4": {
                    "Psr\\Http\\Message\\": "src/"
                }
            },
            "notification-url": "https://packagist.org/downloads/",
            "license": [
                "MIT"
            ],
            "authors": [
                {
                    "name": "PHP-FIG",
                    "homepage": "https://www.php-fig.org/"
                }
            ],
            "description": "Common interface for HTTP messages",
            "homepage": "https://github.com/php-fig/http-message",
            "keywords": [
                "http",
                "http-message",
                "psr",
                "psr-7",
                "request",
                "response"
            ],
            "support": {
                "source": "https://github.com/php-fig/http-message/tree/2.0"
            },
            "time": "2023-04-04T09:54:51+00:00"
        },
        {
            "name": "psr/http-server-handler",
            "version": "1.0.2",
            "source": {
                "type": "git",
                "url": "https://github.com/php-fig/http-server-handler.git",
                "reference": "84c4fb66179be4caaf8e97bd239203245302e7d4"
            },
            "dist": {
                "type": "zip",
                "url": "https://api.github.com/repos/php-fig/http-server-handler/zipball/84c4fb66179be4caaf8e97bd239203245302e7d4",
                "reference": "84c4fb66179be4caaf8e97bd239203245302e7d4",
                "shasum": ""
            },
            "require": {
                "php": ">=7.0",
                "psr/http-message": "^1.0 || ^2.0"
            },
            "type": "library",
            "extra": {
                "branch-alias": {
                    "dev-master": "1.0.x-dev"
                }
            },
            "autoload": {
                "psr-4": {
                    "Psr\\Http\\Server\\": "src/"
                }
            },
            "notification-url": "https://packagist.org/downloads/",
            "license": [
                "MIT"
            ],
            "authors": [
                {
                    "name": "PHP-FIG",
                    "homepage": "https://www.php-fig.org/"
                }
            ],
            "description": "Common interface for HTTP server-side request handler",
            "keywords": [
                "handler",
                "http",
                "http-interop",
                "psr",
                "psr-15",
                "psr-7",
                "request",
                "response",
                "server"
            ],
            "support": {
                "source": "https://github.com/php-fig/http-server-handler/tree/1.0.2"
            },
            "time": "2023-04-10T20:06:20+00:00"
        },
        {
            "name": "psr/http-server-middleware",
            "version": "1.0.2",
            "source": {
                "type": "git",
                "url": "https://github.com/php-fig/http-server-middleware.git",
                "reference": "c1481f747daaa6a0782775cd6a8c26a1bf4a3829"
            },
            "dist": {
                "type": "zip",
                "url": "https://api.github.com/repos/php-fig/http-server-middleware/zipball/c1481f747daaa6a0782775cd6a8c26a1bf4a3829",
                "reference": "c1481f747daaa6a0782775cd6a8c26a1bf4a3829",
                "shasum": ""
            },
            "require": {
                "php": ">=7.0",
                "psr/http-message": "^1.0 || ^2.0",
                "psr/http-server-handler": "^1.0"
            },
            "type": "library",
            "extra": {
                "branch-alias": {
                    "dev-master": "1.0.x-dev"
                }
            },
            "autoload": {
                "psr-4": {
                    "Psr\\Http\\Server\\": "src/"
                }
            },
            "notification-url": "https://packagist.org/downloads/",
            "license": [
                "MIT"
            ],
            "authors": [
                {
                    "name": "PHP-FIG",
                    "homepage": "https://www.php-fig.org/"
                }
            ],
            "description": "Common interface for HTTP server-side middleware",
            "keywords": [
                "http",
                "http-interop",
                "middleware",
                "psr",
                "psr-15",
                "psr-7",
                "request",
                "response"
            ],
            "support": {
                "issues": "https://github.com/php-fig/http-server-middleware/issues",
                "source": "https://github.com/php-fig/http-server-middleware/tree/1.0.2"
            },
            "time": "2023-04-11T06:14:47+00:00"
        },
        {
            "name": "psr/log",
            "version": "3.0.2",
            "source": {
                "type": "git",
                "url": "https://github.com/php-fig/log.git",
                "reference": "f16e1d5863e37f8d8c2a01719f5b34baa2b714d3"
            },
            "dist": {
                "type": "zip",
                "url": "https://api.github.com/repos/php-fig/log/zipball/f16e1d5863e37f8d8c2a01719f5b34baa2b714d3",
                "reference": "f16e1d5863e37f8d8c2a01719f5b34baa2b714d3",
                "shasum": ""
            },
            "require": {
                "php": ">=8.0.0"
            },
            "type": "library",
            "extra": {
                "branch-alias": {
                    "dev-master": "3.x-dev"
                }
            },
            "autoload": {
                "psr-4": {
                    "Psr\\Log\\": "src"
                }
            },
            "notification-url": "https://packagist.org/downloads/",
            "license": [
                "MIT"
            ],
            "authors": [
                {
                    "name": "PHP-FIG",
                    "homepage": "https://www.php-fig.org/"
                }
            ],
            "description": "Common interface for logging libraries",
            "homepage": "https://github.com/php-fig/log",
            "keywords": [
                "log",
                "psr",
                "psr-3"
            ],
            "support": {
                "source": "https://github.com/php-fig/log/tree/3.0.2"
            },
            "time": "2024-09-11T13:17:53+00:00"
        }
    ],
    "packages-dev": [
        {
            "name": "captainhook/captainhook-phar",
            "version": "5.28.5",
            "source": {
                "type": "git",
                "url": "https://github.com/captainhook-git/captainhook-phar.git",
                "reference": "a5dbcd8d20b3dcdb1cbd6948d0d3a058453b3d6a"
            },
            "dist": {
                "type": "zip",
                "url": "https://api.github.com/repos/captainhook-git/captainhook-phar/zipball/a5dbcd8d20b3dcdb1cbd6948d0d3a058453b3d6a",
                "reference": "a5dbcd8d20b3dcdb1cbd6948d0d3a058453b3d6a",
                "shasum": ""
            },
            "require": {
                "composer-plugin-api": "^1.1||^2.0",
                "ext-json": "*",
                "ext-spl": "*",
                "phar-io/composer-distributor": "^1.0.1",
                "php": ">=8.0"
            },
            "require-dev": {
                "composer/composer": "^1.1 || ^2.0"
            },
            "type": "composer-plugin",
            "extra": {
                "class": "CaptainHook\\Composer\\Plugin"
            },
            "autoload": {
                "psr-4": {
                    "CaptainHook\\Composer\\": "src/"
                }
            },
            "notification-url": "https://packagist.org/downloads/",
            "license": [
                "MIT"
            ],
            "authors": [
                {
                    "name": "Sebastian Feldmann",
                    "email": "sf@sebastian-feldmann.info"
                }
            ],
            "description": "PHP git hook manager",
            "homepage": "https://github.com/captainhook-git/captainhook",
            "keywords": [
                "commit-msg",
                "git",
                "hooks",
                "post-merge",
                "pre-commit",
                "pre-push",
                "prepare-commit-msg"
            ],
            "support": {
                "issues": "https://github.com/captainhook-git/captainhook/issues",
                "source": "https://github.com/captainhook-git/captainhook-phar/tree/5.28.5"
            },
            "funding": [
                {
                    "url": "https://github.com/sponsors/sebastianfeldmann",
                    "type": "github"
                }
            ],
            "time": "2025-04-08T07:07:48+00:00"
        },
        {
            "name": "captainhook/hook-installer",
            "version": "1.0.4",
            "source": {
                "type": "git",
                "url": "https://github.com/captainhook-git/hook-installer.git",
                "reference": "fb3c45f6204b08baba999f4ffc4ae707bf684e8b"
            },
            "dist": {
                "type": "zip",
                "url": "https://api.github.com/repos/captainhook-git/hook-installer/zipball/fb3c45f6204b08baba999f4ffc4ae707bf684e8b",
                "reference": "fb3c45f6204b08baba999f4ffc4ae707bf684e8b",
                "shasum": ""
            },
            "require": {
                "composer-plugin-api": "^1.1|^2.0",
                "php": ">=8.0"
            },
            "require-dev": {
                "composer/composer": "*"
            },
            "type": "composer-plugin",
            "extra": {
                "class": "CaptainHook\\HookInstaller\\ComposerPlugin"
            },
            "autoload": {
                "psr-4": {
                    "CaptainHook\\HookInstaller\\": "src"
                }
            },
            "notification-url": "https://packagist.org/downloads/",
            "license": [
                "MIT"
            ],
            "authors": [
                {
                    "name": "Sebastian Feldmann",
                    "email": "sf@sebastian-feldmann.info"
                }
            ],
            "description": "Composer Plugin that makes everyone activate the CaptainHook git hooks locally",
            "support": {
                "issues": "https://github.com/captainhook-git/hook-installer/issues",
                "source": "https://github.com/captainhook-git/hook-installer/tree/1.0.4"
            },
            "time": "2025-04-08T07:12:26+00:00"
        },
        {
            "name": "phar-io/composer-distributor",
            "version": "1.0.2",
            "source": {
                "type": "git",
                "url": "https://github.com/phar-io/composer-distributor.git",
                "reference": "dd7d936290b2a42b0c64bfe08090b5c597c280c9"
            },
            "dist": {
                "type": "zip",
                "url": "https://api.github.com/repos/phar-io/composer-distributor/zipball/dd7d936290b2a42b0c64bfe08090b5c597c280c9",
                "reference": "dd7d936290b2a42b0c64bfe08090b5c597c280c9",
                "shasum": ""
            },
            "require": {
                "composer-plugin-api": "^1.1 || ^2.0",
                "ext-dom": "*",
                "ext-libxml": "*",
                "phar-io/filesystem": "^2.0",
                "phar-io/gnupg": "^1.0",
                "php": "^7.3 || ^8.0"
            },
            "require-dev": {
                "composer/composer": "^2.0",
                "phpunit/phpunit": "^9.4"
            },
            "type": "library",
            "autoload": {
                "psr-4": {
                    "PharIo\\ComposerDistributor\\": "src/"
                }
            },
            "notification-url": "https://packagist.org/downloads/",
            "license": [
                "MIT"
            ],
            "authors": [
                {
                    "name": "Andreas Heigl",
                    "email": "andreas@heigl.org",
                    "role": "Developer"
                },
                {
                    "name": "Arne Blankerts",
                    "email": "arne@blankerts.de",
                    "role": "Developer"
                },
                {
                    "name": "Sebastian Feldmann",
                    "email": "sf@sebastian-feldmann.info",
                    "role": "Developer"
                }
            ],
            "description": "Base Code for a composer plugin that installs PHAR-files",
            "homepage": "https://phar.io",
            "keywords": [
                "bin",
                "binary",
                "composer",
                "distribute",
                "phar",
                "phive"
            ],
            "support": {
                "issues": "https://github.com/phar-io/composer-distributor/issues",
                "source": "https://github.com/phar-io/composer-distributor/tree/1.0.2"
            },
            "funding": [
                {
                    "url": "https://phar.io",
                    "type": "other"
                }
            ],
            "time": "2023-05-31T17:05:49+00:00"
        },
        {
            "name": "phar-io/executor",
            "version": "1.0.1",
            "source": {
                "type": "git",
                "url": "https://github.com/phar-io/executor.git",
                "reference": "5bfb7400224a0c1cf83343660af85c7f5a073473"
            },
            "dist": {
                "type": "zip",
                "url": "https://api.github.com/repos/phar-io/executor/zipball/5bfb7400224a0c1cf83343660af85c7f5a073473",
                "reference": "5bfb7400224a0c1cf83343660af85c7f5a073473",
                "shasum": ""
            },
            "require": {
                "phar-io/filesystem": "^2.0",
                "php": "^7.2||^8.0"
            },
            "type": "library",
            "autoload": {
                "classmap": [
                    "src/"
                ]
            },
            "notification-url": "https://packagist.org/downloads/",
            "license": [
                "BSD-3-Clause"
            ],
            "authors": [
                {
                    "name": "Arne Blankerts",
                    "email": "arne@blankerts.de",
                    "role": "Developer"
                },
                {
                    "name": "Sebastian Heuer",
                    "email": "sebastian@phpeople.de",
                    "role": "Developer"
                }
            ],
            "support": {
                "issues": "https://github.com/phar-io/executor/issues",
                "source": "https://github.com/phar-io/executor/tree/1.0.1"
            },
            "time": "2020-11-30T10:53:57+00:00"
        },
        {
            "name": "phar-io/filesystem",
            "version": "2.0.1",
            "source": {
                "type": "git",
                "url": "https://github.com/phar-io/filesystem.git",
                "reference": "222e3ea432262a05706b7066697c21257664d9d1"
            },
            "dist": {
                "type": "zip",
                "url": "https://api.github.com/repos/phar-io/filesystem/zipball/222e3ea432262a05706b7066697c21257664d9d1",
                "reference": "222e3ea432262a05706b7066697c21257664d9d1",
                "shasum": ""
            },
            "require": {
                "php": "^7.2 || ^8.0"
            },
            "type": "library",
            "autoload": {
                "classmap": [
                    "src/"
                ]
            },
            "notification-url": "https://packagist.org/downloads/",
            "license": [
                "BSD-3-Clause"
            ],
            "authors": [
                {
                    "name": "Arne Blankerts",
                    "email": "arne@blankerts.de",
                    "role": "Developer"
                },
                {
                    "name": "Sebastian Heuer",
                    "email": "sebastian@phpeople.de",
                    "role": "Developer"
                }
            ],
            "support": {
                "issues": "https://github.com/phar-io/filesystem/issues",
                "source": "https://github.com/phar-io/filesystem/tree/2.0.1"
            },
            "time": "2020-11-30T10:16:22+00:00"
        },
        {
            "name": "phar-io/gnupg",
            "version": "1.0.3",
            "source": {
                "type": "git",
                "url": "https://github.com/phar-io/gnupg.git",
                "reference": "ed8ab1740ac4e9db99500e7252911f2821357093"
            },
            "dist": {
                "type": "zip",
                "url": "https://api.github.com/repos/phar-io/gnupg/zipball/ed8ab1740ac4e9db99500e7252911f2821357093",
                "reference": "ed8ab1740ac4e9db99500e7252911f2821357093",
                "shasum": ""
            },
            "require": {
                "phar-io/executor": "^1.0",
                "phar-io/filesystem": "^2.0",
                "php": "^7.2||^8.0"
            },
            "type": "library",
            "autoload": {
                "classmap": [
                    "src/"
                ]
            },
            "notification-url": "https://packagist.org/downloads/",
            "license": [
                "BSD-3-Clause"
            ],
            "authors": [
                {
                    "name": "Arne Blankerts",
                    "email": "arne@blankerts.de",
                    "role": "Developer"
                },
                {
                    "name": "Sebastian Heuer",
                    "email": "sebastian@phpeople.de",
                    "role": "Developer"
                }
            ],
            "description": "Thin GnuPG wrapper class around the gnupg binary, mimicking the pecl/gnupg api",
            "support": {
                "issues": "https://github.com/phar-io/gnupg/issues",
                "source": "https://github.com/phar-io/gnupg/tree/1.0.3"
            },
            "time": "2024-08-22T20:45:57+00:00"
        },
        {
            "name": "phpstan/phpstan",
            "version": "2.1.42",
            "dist": {
                "type": "zip",
                "url": "https://api.github.com/repos/phpstan/phpstan/zipball/1279e1ce86ba768f0780c9d889852b4e02ff40d0",
                "reference": "1279e1ce86ba768f0780c9d889852b4e02ff40d0",
                "shasum": ""
            },
            "require": {
                "php": "^7.4|^8.0"
            },
            "conflict": {
                "phpstan/phpstan-shim": "*"
            },
            "bin": [
                "phpstan",
                "phpstan.phar"
            ],
            "type": "library",
            "autoload": {
                "files": [
                    "bootstrap.php"
                ]
            },
            "notification-url": "https://packagist.org/downloads/",
            "license": [
                "MIT"
            ],
            "description": "PHPStan - PHP Static Analysis Tool",
            "keywords": [
                "dev",
                "static analysis"
            ],
            "support": {
                "docs": "https://phpstan.org/user-guide/getting-started",
                "forum": "https://github.com/phpstan/phpstan/discussions",
                "issues": "https://github.com/phpstan/phpstan/issues",
                "security": "https://github.com/phpstan/phpstan/security/policy",
                "source": "https://github.com/phpstan/phpstan-src"
            },
            "funding": [
                {
                    "url": "https://github.com/ondrejmirtes",
                    "type": "github"
                },
                {
                    "url": "https://github.com/phpstan",
                    "type": "github"
                }
            ],
            "time": "2026-03-17T14:58:32+00:00"
        }
    ],
    "aliases": [],
    "minimum-stability": "stable",
    "stability-flags": {
        "phpstan/phpstan": 0
    },
    "prefer-stable": false,
    "prefer-lowest": false,
    "platform": {
        "php": ">=8.1",
        "ext-mysqli": "*",
        "ext-json": "*",
        "ext-simplexml": "*",
        "ext-dom": "*"
    },
    "platform-dev": {},
    "plugin-api-version": "2.9.0"
}
